{
  "object": {
    "pins": [
      {
        "package": "Alamofire",
        "repositoryURL": "https://github.com/Alamofire/Alamofire.git",
        "state": {
          "branch": null,
          "revision": "f82c23a8a7ef8dc1a49a8bfc6a96883e79121864",
          "version": "5.5.0"
        }
      },
      {
        "package": "Amway-Base-Utility",
        "repositoryURL": "https://github.com/AmwayACS/Amway-Base-Utility.git",
        "state": {
          "branch": "main",
          "revision": "8ad90ec75b79ff2cbfbc0e6482d4c33c184f09a4",
          "version": null
        }
      },
      {
        "package": "SheeKit",
        "repositoryURL": "https://github.com/edudnyk/SheeKit",
        "state": {
          "branch": "main",
          "revision": "4bdc3b7ff784b893ec8f802e4154cd0d0bdf1b46",
          "version": null
        }
      }
    ]
  },
  "version": 1
}
